
Microsoft Visual Studio Solution File, Format Version 12.00
# Visual Studio 15
VisualStudioVersion = 15.0.27703.2042
MinimumVisualStudioVersion = 10.0.40219.1
Project("{FAE04EC0-301F-11D3-BF4B-00C04F79EFBC}") = "BankExercise", "BankExercise\BankExercise.csproj", "{E81BB653-F3EA-4B32-969A-4DDB3AE75A59}"
EndProject
Project("{FAE04EC0-301F-11D3-BF4B-00C04F79EFBC}") = "BankExerciseTests", "BankExerciseTests\BankExerciseTests.csproj", "{7F7665B1-867E-4918-94A0-A46DF3EEDC6F}"
EndProject
Global
	GlobalSection(SolutionConfigurationPlatforms) = preSolution
		Debug|Any CPU = Debug|Any CPU
		Release|Any CPU = Release|Any CPU
	EndGlobalSection
	GlobalSection(ProjectConfigurationPlatforms) = postSolution
		{E81BB653-F3EA-4B32-969A-4DDB3AE75A59}.Debug|Any CPU.ActiveCfg = Debug|Any CPU
		{E81BB653-F3EA-4B32-969A-4DDB3AE75A59}.Debug|Any CPU.Build.0 = Debug|Any CPU
		{E81BB653-F3EA-4B32-969A-4DDB3AE75A59}.Release|Any CPU.ActiveCfg = Release|Any CPU
		{E81BB653-F3EA-4B32-969A-4DDB3AE75A59}.Release|Any CPU.Build.0 = Release|Any CPU
		{7F7665B1-867E-4918-94A0-A46DF3EEDC6F}.Debug|Any CPU.ActiveCfg = Debug|Any CPU
		{7F7665B1-867E-4918-94A0-A46DF3EEDC6F}.Debug|Any CPU.Build.0 = Debug|Any CPU
		{7F7665B1-867E-4918-94A0-A46DF3EEDC6F}.Release|Any CPU.ActiveCfg = Release|Any CPU
		{7F7665B1-867E-4918-94A0-A46DF3EEDC6F}.Release|Any CPU.Build.0 = Release|Any CPU
	EndGlobalSection
	GlobalSection(SolutionProperties) = preSolution
		HideSolutionNode = FALSE
	EndGlobalSection
	GlobalSection(ExtensibilityGlobals) = postSolution
		SolutionGuid = {7582DAC8-109A-4941-A66C-926CAFB6C293}
	EndGlobalSection
EndGlobal
